
Microsoft Visual Studio Solution File, Format Version 12.00
# Visual Studio Version 17
VisualStudioVersion = 17.0.31903.59
MinimumVisualStudioVersion = 10.0.40219.1
Project("{2150E333-8FDC-42A3-9474-1A3956D46DE8}") = "src", "src", "{DA73C669-8361-490F-81FE-C364985C3A57}"
EndProject
Project("{FAE04EC0-301F-11D3-BF4B-00C04F79EFBC}") = "HelloValheim", "src\HelloValheim\HelloValheim.csproj", "{E8D90E81-4FE4-4EDE-9A97-81D5147E8680}"
EndProject
Project("{2150E333-8FDC-42A3-9474-1A3956D46DE8}") = "tools", "tools", "{FBBD03C1-BC79-4778-9501-2CC3C4D72938}"
EndProject
Project("{FAE04EC0-301F-11D3-BF4B-00C04F79EFBC}") = "ApiExplorer", "tools\ApiExplorer\ApiExplorer.csproj", "{DE2E2F72-30FC-4B1D-94E0-2204F1811301}"
EndProject
Project("{FAE04EC0-301F-11D3-BF4B-00C04F79EFBC}") = "Bicicreta", "src\Bicicreta\Bicicreta.csproj", "{01A1E8E8-9E01-4C0B-B2AC-88E0CE6E70D0}"
EndProject
Project("{FAE04EC0-301F-11D3-BF4B-00C04F79EFBC}") = "TogetherWeRow", "src\TogetherWeRow\TogetherWeRow.csproj", "{A7C4E291-8B3F-4D5A-9E12-6F80C1D4B2A8}"
EndProject
Project("{FAE04EC0-301F-11D3-BF4B-00C04F79EFBC}") = "NjordWarehouseKeeper", "src\NjordWarehouseKeeper\NjordWarehouseKeeper.csproj", "{A88C06FF-A156-4CB0-AA92-182CCC892049}"
EndProject
Global
	GlobalSection(SolutionConfigurationPlatforms) = preSolution
		Debug|Any CPU = Debug|Any CPU
		Release|Any CPU = Release|Any CPU
	EndGlobalSection
	GlobalSection(SolutionProperties) = preSolution
		HideSolutionNode = FALSE
	EndGlobalSection
	GlobalSection(ProjectConfigurationPlatforms) = postSolution
		{E8D90E81-4FE4-4EDE-9A97-81D5147E8680}.Debug|Any CPU.ActiveCfg = Debug|Any CPU
		{E8D90E81-4FE4-4EDE-9A97-81D5147E8680}.Debug|Any CPU.Build.0 = Debug|Any CPU
		{E8D90E81-4FE4-4EDE-9A97-81D5147E8680}.Release|Any CPU.ActiveCfg = Release|Any CPU
		{E8D90E81-4FE4-4EDE-9A97-81D5147E8680}.Release|Any CPU.Build.0 = Release|Any CPU
		{DE2E2F72-30FC-4B1D-94E0-2204F1811301}.Debug|Any CPU.ActiveCfg = Debug|Any CPU
		{DE2E2F72-30FC-4B1D-94E0-2204F1811301}.Debug|Any CPU.Build.0 = Debug|Any CPU
		{DE2E2F72-30FC-4B1D-94E0-2204F1811301}.Release|Any CPU.ActiveCfg = Release|Any CPU
		{DE2E2F72-30FC-4B1D-94E0-2204F1811301}.Release|Any CPU.Build.0 = Release|Any CPU
		{01A1E8E8-9E01-4C0B-B2AC-88E0CE6E70D0}.Debug|Any CPU.ActiveCfg = Debug|Any CPU
		{01A1E8E8-9E01-4C0B-B2AC-88E0CE6E70D0}.Debug|Any CPU.Build.0 = Debug|Any CPU
		{01A1E8E8-9E01-4C0B-B2AC-88E0CE6E70D0}.Release|Any CPU.ActiveCfg = Release|Any CPU
		{01A1E8E8-9E01-4C0B-B2AC-88E0CE6E70D0}.Release|Any CPU.Build.0 = Release|Any CPU
		{A7C4E291-8B3F-4D5A-9E12-6F80C1D4B2A8}.Debug|Any CPU.ActiveCfg = Debug|Any CPU
		{A7C4E291-8B3F-4D5A-9E12-6F80C1D4B2A8}.Debug|Any CPU.Build.0 = Debug|Any CPU
		{A7C4E291-8B3F-4D5A-9E12-6F80C1D4B2A8}.Release|Any CPU.ActiveCfg = Release|Any CPU
		{A7C4E291-8B3F-4D5A-9E12-6F80C1D4B2A8}.Release|Any CPU.Build.0 = Release|Any CPU
		{A88C06FF-A156-4CB0-AA92-182CCC892049}.Debug|Any CPU.ActiveCfg = Debug|Any CPU
		{A88C06FF-A156-4CB0-AA92-182CCC892049}.Debug|Any CPU.Build.0 = Debug|Any CPU
		{A88C06FF-A156-4CB0-AA92-182CCC892049}.Release|Any CPU.ActiveCfg = Release|Any CPU
		{A88C06FF-A156-4CB0-AA92-182CCC892049}.Release|Any CPU.Build.0 = Release|Any CPU
	EndGlobalSection
	GlobalSection(NestedProjects) = preSolution
		{E8D90E81-4FE4-4EDE-9A97-81D5147E8680} = {DA73C669-8361-490F-81FE-C364985C3A57}
		{DE2E2F72-30FC-4B1D-94E0-2204F1811301} = {FBBD03C1-BC79-4778-9501-2CC3C4D72938}
		{01A1E8E8-9E01-4C0B-B2AC-88E0CE6E70D0} = {DA73C669-8361-490F-81FE-C364985C3A57}
		{A7C4E291-8B3F-4D5A-9E12-6F80C1D4B2A8} = {DA73C669-8361-490F-81FE-C364985C3A57}
		{A88C06FF-A156-4CB0-AA92-182CCC892049} = {DA73C669-8361-490F-81FE-C364985C3A57}
	EndGlobalSection
EndGlobal
